
Microsoft Visual Studio Solution File, Format Version 11.00
# Visual Studio 2010
Project("{FAE04EC0-301F-11D3-BF4B-00C04F79EFBC}") = "StormFrequencyCalculator", "StormFrequencyCalculator.csproj", "{1873E3D8-0BDC-4024-9DF1-9C0E5E8140EA}"
EndProject
Global
	GlobalSection(SubversionScc) = preSolution
		Svn-Managed = True
		Manager = AnkhSVN - Subversion Support for Visual Studio
	EndGlobalSection
	GlobalSection(SolutionConfigurationPlatforms) = preSolution
		Debug|Any CPU = Debug|Any CPU
		Release|Any CPU = Release|Any CPU
	EndGlobalSection
	GlobalSection(ProjectConfigurationPlatforms) = postSolution
		{1873E3D8-0BDC-4024-9DF1-9C0E5E8140EA}.Debug|Any CPU.ActiveCfg = Debug|Any CPU
		{1873E3D8-0BDC-4024-9DF1-9C0E5E8140EA}.Debug|Any CPU.Build.0 = Debug|Any CPU
		{1873E3D8-0BDC-4024-9DF1-9C0E5E8140EA}.Release|Any CPU.ActiveCfg = Release|Any CPU
		{1873E3D8-0BDC-4024-9DF1-9C0E5E8140EA}.Release|Any CPU.Build.0 = Release|Any CPU
	EndGlobalSection
	GlobalSection(SolutionProperties) = preSolution
		HideSolutionNode = FALSE
	EndGlobalSection
EndGlobal
